lockfileVersion: '6.0'

settings:
  autoInstallPeers: true
  excludeLinksFromLockfile: false

importers:

  .:
    devDependencies:
      esbuild:
        specifier: ^0.17.4
        version: registry.npmmirror.com/esbuild@0.17.4
      minimist:
        specifier: ^1.2.0
        version: registry.npmmirror.com/minimist@1.2.0
      prettier:
        specifier: ^2.7.1
        version: registry.npmmirror.com/prettier@2.7.1

  packages/complier-core: {}

packages:

  registry.npmmirror.com/@esbuild/android-arm64@0.17.4:
    resolution: {integrity: sha512-91VwDrl4EpxBCiG6h2LZZEkuNvVZYJkv2T9gyLG/mhGG1qrM7i5SwUcg/hlSPnL/4hDT0TFcF35/XMGSn0bemg==, registry: https://registry.npm.taobao.org/, tarball: https://registry.npmmirror.com/@esbuild/android-arm64/-/android-arm64-0.17.4.tgz}
    name: '@esbuild/android-arm64'
    version: 0.17.4
    engines: {node: '>=12'}
    cpu: [arm64]
    os: [android]
    requiresBuild: true
    dev: true
    optional: true

  registry.npmmirror.com/@esbuild/android-arm@0.17.4:
    resolution: {integrity: sha512-R9GCe2xl2XDSc2XbQB63mFiFXHIVkOP+ltIxICKXqUPrFX97z6Z7vONCLQM1pSOLGqfLrGi3B7nbhxmFY/fomg==, registry: https://registry.npm.taobao.org/, tarball: https://registry.npmmirror.com/@esbuild/android-arm/-/android-arm-0.17.4.tgz}
    name: '@esbuild/android-arm'
    version: 0.17.4
    engines: {node: '>=12'}
    cpu: [arm]
    os: [android]
    requiresBuild: true
    dev: true
    optional: true

  registry.npmmirror.com/@esbuild/android-x64@0.17.4:
    resolution: {integrity: sha512-mGSqhEPL7029XL7QHNPxPs15JVa02hvZvysUcyMP9UXdGFwncl2WU0bqx+Ysgzd+WAbv8rfNa73QveOxAnAM2w==, registry: https://registry.npm.taobao.org/, tarball: https://registry.npmmirror.com/@esbuild/android-x64/-/android-x64-0.17.4.tgz}
    name: '@esbuild/android-x64'
    version: 0.17.4
    engines: {node: '>=12'}
    cpu: [x64]
    os: [android]
    requiresBuild: true
    dev: true
    optional: true

  registry.npmmirror.com/@esbuild/darwin-arm64@0.17.4:
    resolution: {integrity: sha512-tTyJRM9dHvlMPt1KrBFVB5OW1kXOsRNvAPtbzoKazd5RhD5/wKlXk1qR2MpaZRYwf4WDMadt0Pv0GwxB41CVow==, registry: https://registry.npm.taobao.org/, tarball: https://registry.npmmirror.com/@esbuild/darwin-arm64/-/darwin-arm64-0.17.4.tgz}
    name: '@esbuild/darwin-arm64'
    version: 0.17.4
    engines: {node: '>=12'}
    cpu: [arm64]
    os: [darwin]
    requiresBuild: true
    dev: true
    optional: true

  registry.npmmirror.com/@esbuild/darwin-x64@0.17.4:
    resolution: {integrity: sha512-phQuC2Imrb3TjOJwLN8EO50nb2FHe8Ew0OwgZDH1SV6asIPGudnwTQtighDF2EAYlXChLoMJwqjAp4vAaACq6w==, registry: https://registry.npm.taobao.org/, tarball: https://registry.npmmirror.com/@esbuild/darwin-x64/-/darwin-x64-0.17.4.tgz}
    name: '@esbuild/darwin-x64'
    version: 0.17.4
    engines: {node: '>=12'}
    cpu: [x64]
    os: [darwin]
    requiresBuild: true
    dev: true
    optional: true

  registry.npmmirror.com/@esbuild/freebsd-arm64@0.17.4:
    resolution: {integrity: sha512-oH6JUZkocgmjzzYaP5juERLpJQSwazdjZrTPgLRmAU2bzJ688x0vfMB/WTv4r58RiecdHvXOPC46VtsMy/mepg==, registry: https://registry.npm.taobao.org/, tarball: https://registry.npmmirror.com/@esbuild/freebsd-arm64/-/freebsd-arm64-0.17.4.tgz}
    name: '@esbuild/freebsd-arm64'
    version: 0.17.4
    engines: {node: '>=12'}
    cpu: [arm64]
    os: [freebsd]
    requiresBuild: true
    dev: true
    optional: true

  registry.npmmirror.com/@esbuild/freebsd-x64@0.17.4:
    resolution: {integrity: sha512-U4iWGn/9TrAfpAdfd56eO0pRxIgb0a8Wj9jClrhT8hvZnOnS4dfMPW7o4fn15D/KqoiVYHRm43jjBaTt3g/2KA==, registry: https://registry.npm.taobao.org/, tarball: https://registry.npmmirror.com/@esbuild/freebsd-x64/-/freebsd-x64-0.17.4.tgz}
    name: '@esbuild/freebsd-x64'
    version: 0.17.4
    engines: {node: '>=12'}
    cpu: [x64]
    os: [freebsd]
    requiresBuild: true
    dev: true
    optional: true

  registry.npmmirror.com/@esbuild/linux-arm64@0.17.4:
    resolution: {integrity: sha512-UkGfQvYlwOaeYJzZG4cLV0hCASzQZnKNktRXUo3/BMZvdau40AOz9GzmGA063n1piq6VrFFh43apRDQx8hMP2w==, registry: https://registry.npm.taobao.org/, tarball: https://registry.npmmirror.com/@esbuild/linux-arm64/-/linux-arm64-0.17.4.tgz}
    name: '@esbuild/linux-arm64'
    version: 0.17.4
    engines: {node: '>=12'}
    cpu: [arm64]
    os: [linux]
    requiresBuild: true
    dev: true
    optional: true

  registry.npmmirror.com/@esbuild/linux-arm@0.17.4:
    resolution: {integrity: sha512-S2s9xWTGMTa/fG5EyMGDeL0wrWVgOSQcNddJWgu6rG1NCSXJHs76ZP9AsxjB3f2nZow9fWOyApklIgiTGZKhiw==, registry: https://registry.npm.taobao.org/, tarball: https://registry.npmmirror.com/@esbuild/linux-arm/-/linux-arm-0.17.4.tgz}
    name: '@esbuild/linux-arm'
    version: 0.17.4
    engines: {node: '>=12'}
    cpu: [arm]
    os: [linux]
    requiresBuild: true
    dev: true
    optional: true

  registry.npmmirror.com/@esbuild/linux-ia32@0.17.4:
    resolution: {integrity: sha512-3lqFi4VFo/Vwvn77FZXeLd0ctolIJH/uXkH3yNgEk89Eh6D3XXAC9/iTPEzeEpsNE5IqGIsFa5Z0iPeOh25IyA==, registry: https://registry.npm.taobao.org/, tarball: https://registry.npmmirror.com/@esbuild/linux-ia32/-/linux-ia32-0.17.4.tgz}
    name: '@esbuild/linux-ia32'
    version: 0.17.4
    engines: {node: '>=12'}
    cpu: [ia32]
    os: [linux]
    requiresBuild: true
    dev: true
    optional: true

  registry.npmmirror.com/@esbuild/linux-loong64@0.17.4:
    resolution: {integrity: sha512-HqpWZkVslDHIwdQ9D+gk7NuAulgQvRxF9no54ut/M55KEb3mi7sQS3GwpPJzSyzzP0UkjQVN7/tbk88/CaX4EQ==, registry: https://registry.npm.taobao.org/, tarball: https://registry.npmmirror.com/@esbuild/linux-loong64/-/linux-loong64-0.17.4.tgz}
    name: '@esbuild/linux-loong64'
    version: 0.17.4
    engines: {node: '>=12'}
    cpu: [loong64]
    os: [linux]
    requiresBuild: true
    dev: true
    optional: true

  registry.npmmirror.com/@esbuild/linux-mips64el@0.17.4:
    resolution: {integrity: sha512-d/nMCKKh/SVDbqR9ju+b78vOr0tNXtfBjcp5vfHONCCOAL9ad8gN9dC/u+UnH939pz7wO+0u/x9y1MaZcb/lKA==, registry: https://registry.npm.taobao.org/, tarball: https://registry.npmmirror.com/@esbuild/linux-mips64el/-/linux-mips64el-0.17.4.tgz}
    name: '@esbuild/linux-mips64el'
    version: 0.17.4
    engines: {node: '>=12'}
    cpu: [mips64el]
    os: [linux]
    requiresBuild: true
    dev: true
    optional: true

  registry.npmmirror.com/@esbuild/linux-ppc64@0.17.4:
    resolution: {integrity: sha512-lOD9p2dmjZcNiTU+sGe9Nn6G3aYw3k0HBJies1PU0j5IGfp6tdKOQ6mzfACRFCqXjnBuTqK7eTYpwx09O5LLfg==, registry: https://registry.npm.taobao.org/, tarball: https://registry.npmmirror.com/@esbuild/linux-ppc64/-/linux-ppc64-0.17.4.tgz}
    name: '@esbuild/linux-ppc64'
    version: 0.17.4
    engines: {node: '>=12'}
    cpu: [ppc64]
    os: [linux]
    requiresBuild: true
    dev: true
    optional: true

  registry.npmmirror.com/@esbuild/linux-riscv64@0.17.4:
    resolution: {integrity: sha512-mTGnwWwVshAjGsd8rP+K6583cPDgxOunsqqldEYij7T5/ysluMHKqUIT4TJHfrDFadUwrghAL6QjER4FeqQXoA==, registry: https://registry.npm.taobao.org/, tarball: https://registry.npmmirror.com/@esbuild/linux-riscv64/-/linux-riscv64-0.17.4.tgz}
    name: '@esbuild/linux-riscv64'
    version: 0.17.4
    engines: {node: '>=12'}
    cpu: [riscv64]
    os: [linux]
    requiresBuild: true
    dev: true
    optional: true

  registry.npmmirror.com/@esbuild/linux-s390x@0.17.4:
    resolution: {integrity: sha512-AQYuUGp50XM29/N/dehADxvc2bUqDcoqrVuijop1Wv72SyxT6dDB9wjUxuPZm2HwIM876UoNNBMVd+iX/UTKVQ==, registry: https://registry.npm.taobao.org/, tarball: https://registry.npmmirror.com/@esbuild/linux-s390x/-/linux-s390x-0.17.4.tgz}
    name: '@esbuild/linux-s390x'
    version: 0.17.4
    engines: {node: '>=12'}
    cpu: [s390x]
    os: [linux]
    requiresBuild: true
    dev: true
    optional: true

  registry.npmmirror.com/@esbuild/linux-x64@0.17.4:
    resolution: {integrity: sha512-+AsFBwKgQuhV2shfGgA9YloxLDVjXgUEWZum7glR5lLmV94IThu/u2JZGxTgjYby6kyXEx8lKOqP5rTEVBR0Rw==, registry: https://registry.npm.taobao.org/, tarball: https://registry.npmmirror.com/@esbuild/linux-x64/-/linux-x64-0.17.4.tgz}
    name: '@esbuild/linux-x64'
    version: 0.17.4
    engines: {node: '>=12'}
    cpu: [x64]
    os: [linux]
    requiresBuild: true
    dev: true
    optional: true

  registry.npmmirror.com/@esbuild/netbsd-x64@0.17.4:
    resolution: {integrity: sha512-zD1TKYX9553OiLS/qkXPMlWoELYkH/VkzRYNKEU+GwFiqkq0SuxsKnsCg5UCdxN3cqd+1KZ8SS3R+WG/Hxy2jQ==, registry: https://registry.npm.taobao.org/, tarball: https://registry.npmmirror.com/@esbuild/netbsd-x64/-/netbsd-x64-0.17.4.tgz}
    name: '@esbuild/netbsd-x64'
    version: 0.17.4
    engines: {node: '>=12'}
    cpu: [x64]
    os: [netbsd]
    requiresBuild: true
    dev: true
    optional: true

  registry.npmmirror.com/@esbuild/openbsd-x64@0.17.4:
    resolution: {integrity: sha512-PY1NjEsLRhPEFFg1AV0/4Or/gR+q2dOb9s5rXcPuCjyHRzbt8vnHJl3vYj+641TgWZzTFmSUnZbzs1zwTzjeqw==, registry: https://registry.npm.taobao.org/, tarball: https://registry.npmmirror.com/@esbuild/openbsd-x64/-/openbsd-x64-0.17.4.tgz}
    name: '@esbuild/openbsd-x64'
    version: 0.17.4
    engines: {node: '>=12'}
    cpu: [x64]
    os: [openbsd]
    requiresBuild: true
    dev: true
    optional: true

  registry.npmmirror.com/@esbuild/sunos-x64@0.17.4:
    resolution: {integrity: sha512-B3Z7s8QZQW9tKGleMRXvVmwwLPAUoDCHs4WZ2ElVMWiortLJFowU1NjAhXOKjDgC7o9ByeVcwyOlJ+F2r6ZgmQ==, registry: https://registry.npm.taobao.org/, tarball: https://registry.npmmirror.com/@esbuild/sunos-x64/-/sunos-x64-0.17.4.tgz}
    name: '@esbuild/sunos-x64'
    version: 0.17.4
    engines: {node: '>=12'}
    cpu: [x64]
    os: [sunos]
    requiresBuild: true
    dev: true
    optional: true

  registry.npmmirror.com/@esbuild/win32-arm64@0.17.4:
    resolution: {integrity: sha512-0HCu8R3mY/H5V7N6kdlsJkvrT591bO/oRZy8ztF1dhgNU5xD5tAh5bKByT1UjTGjp/VVBsl1PDQ3L18SfvtnBQ==, registry: https://registry.npm.taobao.org/, tarball: https://registry.npmmirror.com/@esbuild/win32-arm64/-/win32-arm64-0.17.4.tgz}
    name: '@esbuild/win32-arm64'
    version: 0.17.4
    engines: {node: '>=12'}
    cpu: [arm64]
    os: [win32]
    requiresBuild: true
    dev: true
    optional: true

  registry.npmmirror.com/@esbuild/win32-ia32@0.17.4:
    resolution: {integrity: sha512-VUjhVDQycse1gLbe06pC/uaA0M+piQXJpdpNdhg8sPmeIZZqu5xPoGWVCmcsOO2gaM2cywuTYTHkXRozo3/Nkg==, registry: https://registry.npm.taobao.org/, tarball: https://registry.npmmirror.com/@esbuild/win32-ia32/-/win32-ia32-0.17.4.tgz}
    name: '@esbuild/win32-ia32'
    version: 0.17.4
    engines: {node: '>=12'}
    cpu: [ia32]
    os: [win32]
    requiresBuild: true
    dev: true
    optional: true

  registry.npmmirror.com/@esbuild/win32-x64@0.17.4:
    resolution: {integrity: sha512-0kLAjs+xN5OjhTt/aUA6t48SfENSCKgGPfExADYTOo/UCn0ivxos9/anUVeSfg+L+2O9xkFxvJXIJfG+Q4sYSg==, registry: https://registry.npm.taobao.org/, tarball: https://registry.npmmirror.com/@esbuild/win32-x64/-/win32-x64-0.17.4.tgz}
    name: '@esbuild/win32-x64'
    version: 0.17.4
    engines: {node: '>=12'}
    cpu: [x64]
    os: [win32]
    requiresBuild: true
    dev: true
    optional: true

  registry.npmmirror.com/esbuild@0.17.4:
    resolution: {integrity: sha512-zBn9MeCwT7W5F1a3lXClD61ip6vQM+H8Msb0w8zMT4ZKBpDg+rFAraNyWCDelB/2L6M3g6AXHPnsyvjMFnxtFw==, registry: https://registry.npm.taobao.org/, tarball: https://registry.npmmirror.com/esbuild/-/esbuild-0.17.4.tgz}
    name: esbuild
    version: 0.17.4
    engines: {node: '>=12'}
    hasBin: true
    requiresBuild: true
    optionalDependencies:
      '@esbuild/android-arm': registry.npmmirror.com/@esbuild/android-arm@0.17.4
      '@esbuild/android-arm64': registry.npmmirror.com/@esbuild/android-arm64@0.17.4
      '@esbuild/android-x64': registry.npmmirror.com/@esbuild/android-x64@0.17.4
      '@esbuild/darwin-arm64': registry.npmmirror.com/@esbuild/darwin-arm64@0.17.4
      '@esbuild/darwin-x64': registry.npmmirror.com/@esbuild/darwin-x64@0.17.4
      '@esbuild/freebsd-arm64': registry.npmmirror.com/@esbuild/freebsd-arm64@0.17.4
      '@esbuild/freebsd-x64': registry.npmmirror.com/@esbuild/freebsd-x64@0.17.4
      '@esbuild/linux-arm': registry.npmmirror.com/@esbuild/linux-arm@0.17.4
      '@esbuild/linux-arm64': registry.npmmirror.com/@esbuild/linux-arm64@0.17.4
      '@esbuild/linux-ia32': registry.npmmirror.com/@esbuild/linux-ia32@0.17.4
      '@esbuild/linux-loong64': registry.npmmirror.com/@esbuild/linux-loong64@0.17.4
      '@esbuild/linux-mips64el': registry.npmmirror.com/@esbuild/linux-mips64el@0.17.4
      '@esbuild/linux-ppc64': registry.npmmirror.com/@esbuild/linux-ppc64@0.17.4
      '@esbuild/linux-riscv64': registry.npmmirror.com/@esbuild/linux-riscv64@0.17.4
      '@esbuild/linux-s390x': registry.npmmirror.com/@esbuild/linux-s390x@0.17.4
      '@esbuild/linux-x64': registry.npmmirror.com/@esbuild/linux-x64@0.17.4
      '@esbuild/netbsd-x64': registry.npmmirror.com/@esbuild/netbsd-x64@0.17.4
      '@esbuild/openbsd-x64': registry.npmmirror.com/@esbuild/openbsd-x64@0.17.4
      '@esbuild/sunos-x64': registry.npmmirror.com/@esbuild/sunos-x64@0.17.4
      '@esbuild/win32-arm64': registry.npmmirror.com/@esbuild/win32-arm64@0.17.4
      '@esbuild/win32-ia32': registry.npmmirror.com/@esbuild/win32-ia32@0.17.4
      '@esbuild/win32-x64': registry.npmmirror.com/@esbuild/win32-x64@0.17.4
    dev: true

  registry.npmmirror.com/minimist@1.2.0:
    resolution: {integrity: sha512-7Wl+Jz+IGWuSdgsQEJ4JunV0si/iMhg42MnQQG6h1R6TNeVenp4U9x5CC5v/gYqz/fENLQITAWXidNtVL0NNbw==, registry: https://registry.npm.taobao.org/, tarball: https://registry.npmmirror.com/minimist/-/minimist-1.2.0.tgz}
    name: minimist
    version: 1.2.0
    dev: true

  registry.npmmirror.com/prettier@2.7.1:
    resolution: {integrity: sha512-ujppO+MkdPqoVINuDFDRLClm7D78qbDt0/NR+wp5FqEZOoTNAjPHWj17QRhu7geIHJfcNhRk1XVQmF8Bp3ye+g==, registry: https://registry.npm.taobao.org/, tarball: https://registry.npmmirror.com/prettier/-/prettier-2.7.1.tgz}
    name: prettier
    version: 2.7.1
    engines: {node: '>=10.13.0'}
    hasBin: true
    dev: true
